[[package]]
name = "asgiref"
version = "3.3.1"
description = "ASGI specs, helper code, and adapters"
category = "main"
optional = false
python-versions = ">=3.5"

[package.extras]
tests = ["pytest", "pytest-asyncio"]

[[package]]
name = "django"
version = "3.1.6"
description = "A high-level Python Web framework that encourages rapid development and clean, pragmatic design."
category = "main"
optional = false
python-versions = ">=3.6"

[package.dependencies]
asgiref = ">=3.2.10,<4"
pytz = "*"
sqlparse = ">=0.2.2"

[package.extras]
argon2 = ["argon2-cffi (>=16.1.0)"]
bcrypt = ["bcrypt"]

[[package]]
name = "django-rest-framework"
version = "0.1.0"
description = "alias."
category = "main"
optional = false
python-versions = "*"

[package.dependencies]
djangorestframework = "*"

[[package]]
name = "django-restframework"
version = "0.0.1"
description = "django-restframework"
category = "main"
optional = false
python-versions = "*"

[[package]]
name = "djangorestframework"
version = "3.12.2"
description = "Web APIs for Django, made easy."
category = "main"
optional = false
python-versions = ">=3.5"

[package.dependencies]
django = ">=2.2"

[[package]]
name = "hupper"
version = "1.10.2"
description = "Integrated process monitor for developing and reloading daemons."
category = "main"
optional = false
python-versions = ">=2.7,!=3.0.*,!=3.1.*,!=3.2.*,!=3.3.*"

[package.extras]
docs = ["watchdog", "sphinx", "pylons-sphinx-themes"]
testing = ["watchdog", "pytest", "pytest-cov", "mock"]

[[package]]
name = "marshmallow"
version = "2.21.0"
description = "A lightweight library for converting complex datatypes to and from native Python datatypes."
category = "main"
optional = false
python-versions = "*"

[package.extras]
dev = ["python-dateutil", "simplejson", "pytest", "pytz", "flake8 (==3.7.4)", "tox"]
docs = ["sphinx (==2.1.2)", "sphinx-issues (==1.2.0)", "alabaster (==0.7.12)", "sphinx-version-warning (==1.1.2)"]
lint = ["flake8 (==3.7.4)"]
reco = ["python-dateutil", "simplejson"]
tests = ["pytest", "pytz"]

[[package]]
name = "pastedeploy"
version = "2.1.1"
description = "Load, configure, and compose WSGI applications and servers"
category = "main"
optional = false
python-versions = "*"

[package.extras]
paste = ["paste"]
docs = ["Sphinx (>=1.7.5)", "pylons-sphinx-themes"]

[[package]]
name = "plaster"
version = "1.0"
description = "A loader interface around multiple config file formats."
category = "main"
optional = false
python-versions = ">=2.7,!=3.0.*,!=3.1.*,!=3.2.*,!=3.3.*"

[package.extras]
docs = ["sphinx", "pylons-sphinx-themes"]
testing = ["pytest", "pytest-cov"]

[[package]]
name = "plaster-pastedeploy"
version = "0.7"
description = "A loader implementing the PasteDeploy syntax to be used by plaster."
category = "main"
optional = false
python-versions = ">=2.7,!=3.0.*,!=3.1.*,!=3.2.*,!=3.3.*"

[package.dependencies]
PasteDeploy = ">=2.0"
plaster = ">=0.5"

[package.extras]
testing = ["pytest", "pytest-cov"]

[[package]]
name = "pyramid"
version = "1.10.5"
description = "The Pyramid Web Framework, a Pylons project"
category = "main"
optional = false
python-versions = ">=2.7,!=3.0.*,!=3.1.*,!=3.2.*,!=3.3.*"

[package.dependencies]
hupper = ">=1.5"
plaster = "*"
plaster-pastedeploy = "*"
translationstring = ">=0.4"
venusian = ">=1.0"
webob = ">=1.8.3"
"zope.deprecation" = ">=3.5.0"
"zope.interface" = ">=3.8.0"

[package.extras]
docs = ["Sphinx (>=1.8.1)", "docutils", "pylons-sphinx-themes (>=1.0.8)", "pylons-sphinx-latesturl", "repoze.sphinx.autointerface", "sphinxcontrib-autoprogram"]
testing = ["webtest (>=1.3.1)", "zope.component (>=4.0)", "coverage", "nose", "virtualenv"]

[[package]]
name = "pyramid-restful-framework"
version = "1.0.0"
description = "RESTful API framework for Pyramid."
category = "main"
optional = false
python-versions = "*"

[package.dependencies]
marshmallow = ">=2.14,<3.0"
pyramid = "*"
six = "*"
sqlalchemy = "*"

[[package]]
name = "pytz"
version = "2021.1"
description = "World timezone definitions, modern and historical"
category = "main"
optional = false
python-versions = "*"

[[package]]
name = "six"
version = "1.15.0"
description = "Python 2 and 3 compatibility utilities"
category = "main"
optional = false
python-versions = ">=2.7, !=3.0.*, !=3.1.*, !=3.2.*"

[[package]]
name = "sqlalchemy"
version = "1.3.23"
description = "Database Abstraction Library"
category = "main"
optional = false
python-versions = ">=2.7, !=3.0.*, !=3.1.*, !=3.2.*, !=3.3.*"

[package.extras]
mssql = ["pyodbc"]
mssql_pymssql = ["pymssql"]
mssql_pyodbc = ["pyodbc"]
mysql = ["mysqlclient"]
oracle = ["cx-oracle"]
postgresql = ["psycopg2"]
postgresql_pg8000 = ["pg8000 (<1.16.6)"]
postgresql_psycopg2binary = ["psycopg2-binary"]
postgresql_psycopg2cffi = ["psycopg2cffi"]
pymysql = ["pymysql (<1)", "pymysql"]

[[package]]
name = "sqlparse"
version = "0.4.1"
description = "A non-validating SQL parser."
category = "main"
optional = false
python-versions = ">=3.5"

[[package]]
name = "translationstring"
version = "1.4"
description = "Utility library for i18n relied on by various Repoze and Pyramid packages"
category = "main"
optional = false
python-versions = "*"

[package.extras]
docs = ["Sphinx (>=1.3.1)", "docutils", "pylons-sphinx-themes"]

[[package]]
name = "venusian"
version = "3.0.0"
description = "A library for deferring decorator actions"
category = "main"
optional = false
python-versions = ">=3.5"

[package.extras]
docs = ["sphinx", "repoze.sphinx.autointerface"]
testing = ["pytest", "pytest-cov", "coverage"]

[[package]]
name = "webob"
version = "1.8.6"
description = "WSGI request and response object"
category = "main"
optional = false
python-versions = ">=2.7,!=3.0.*,!=3.1.*,!=3.2.*"

[package.extras]
docs = ["Sphinx (>=1.7.5)", "pylons-sphinx-themes"]
testing = ["pytest (>=3.1.0)", "coverage", "pytest-cov", "pytest-xdist"]

[[package]]
name = "zope.deprecation"
version = "4.4.0"
description = "Zope Deprecation Infrastructure"
category = "main"
optional = false
python-versions = "*"

[package.extras]
docs = ["sphinx"]
test = ["zope.testrunner"]

[[package]]
name = "zope.interface"
version = "5.2.0"
description = "Interfaces for Python"
category = "main"
optional = false
python-versions = ">=2.7, !=3.0.*, !=3.1.*, !=3.2.*, !=3.3.*, !=3.4.*"

[package.extras]
docs = ["sphinx", "repoze.sphinx.autointerface"]
test = ["coverage (>=5.0.3)", "zope.event", "zope.testing"]
testing = ["coverage (>=5.0.3)", "zope.event", "zope.testing"]

[metadata]
lock-version = "1.1"
python-versions = "^3.9"
content-hash = "e68b62cf0e059442e4cd747928cc557691647c84affcb74b16d509ac251658ab"

[metadata.files]
asgiref = [
    {file = "asgiref-3.3.1-py3-none-any.whl", hash = "sha256:5ee950735509d04eb673bd7f7120f8fa1c9e2df495394992c73234d526907e17"},
    {file = "asgiref-3.3.1.tar.gz", hash = "sha256:7162a3cb30ab0609f1a4c95938fd73e8604f63bdba516a7f7d64b83ff09478f0"},
]
django = [
    {file = "Django-3.1.6-py3-none-any.whl", hash = "sha256:169e2e7b4839a7910b393eec127fd7cbae62e80fa55f89c6510426abf673fe5f"},
    {file = "Django-3.1.6.tar.gz", hash = "sha256:c6c0462b8b361f8691171af1fb87eceb4442da28477e12200c40420176206ba7"},
]
django-rest-framework = [
    {file = "django-rest-framework-0.1.0.tar.gz", hash = "sha256:47a8f496fa69e3b6bd79f68dd7a1527d907d6b77f009e9db7cf9bb21cc565e4a"},
]
django-restframework = [
    {file = "django-restframework-0.0.1.tar.gz", hash = "sha256:2bec9265463693ada558ad9a58c31f6f3de005a932fbfeaadf983c5c9f3b7058"},
]
djangorestframework = [
    {file = "djangorestframework-3.12.2-py3-none-any.whl", hash = "sha256:0209bafcb7b5010fdfec784034f059d512256424de2a0f084cb82b096d6dd6a7"},
    {file = "djangorestframework-3.12.2.tar.gz", hash = "sha256:0898182b4737a7b584a2c73735d89816343369f259fea932d90dc78e35d8ac33"},
]
hupper = [
    {file = "hupper-1.10.2-py2.py3-none-any.whl", hash = "sha256:5de835f3b58324af2a8a16f52270c4d1a3d1734c45eed94b77fd622aea737f29"},
    {file = "hupper-1.10.2.tar.gz", hash = "sha256:3818f53dabc24da66f65cf4878c1c7a9b5df0c46b813e014abdd7c569eb9a02a"},
]
marshmallow = [
    {file = "marshmallow-2.21.0-py2.py3-none-any.whl", hash = "sha256:7cb1881a0fa84be4b5c1e301168236932c345f6910725f99905d636bfe93e9e9"},
    {file = "marshmallow-2.21.0.tar.gz", hash = "sha256:e9390c0c80437d7a02d84e3d1635dc20f37a8bcb149ca443d93791bdc683f28d"},
]
pastedeploy = [
    {file = "PasteDeploy-2.1.1-py2.py3-none-any.whl", hash = "sha256:14923cfd6ad4281b570693afc278bab5076fbdd4cd15aa9d99b042d694aa4217"},
    {file = "PasteDeploy-2.1.1.tar.gz", hash = "sha256:6dead6ab9823a85d585ef27f878bc647f787edb9ca8da0716aa9f1261b464817"},
]
plaster = [
    {file = "plaster-1.0-py2.py3-none-any.whl", hash = "sha256:215c921a438b5349931fd7df9a5a11a3572947f20f4bc6dd622ac08f1c3ba249"},
    {file = "plaster-1.0.tar.gz", hash = "sha256:8351c7c7efdf33084c1de88dd0f422cbe7342534537b553c49b857b12d98c8c3"},
]
plaster-pastedeploy = [
    {file = "plaster_pastedeploy-0.7-py2.py3-none-any.whl", hash = "sha256:7c8aa37c917b615c70bf942b24dc1e0455c49f62f1a2214b1a0dd98871644bbb"},
    {file = "plaster_pastedeploy-0.7.tar.gz", hash = "sha256:391d93a4e1ff81fc3bae27508ebb765b61f1724ae6169f83577f06b6357be7fd"},
]
pyramid = [
    {file = "pyramid-1.10.5-py2.py3-none-any.whl", hash = "sha256:4d7f557b19932b4f719b6e1a81c96aebd49b990124e10175ea2b866e976e6a66"},
    {file = "pyramid-1.10.5.tar.gz", hash = "sha256:fe1bd1140e6b79fe07f0053981d49be2dc66656cc8b481dd7ffcaa872fc25467"},
]
pyramid-restful-framework = [
    {file = "pyramid-restful-framework-1.0.0.tar.gz", hash = "sha256:c6e21cf85e12ce47b2094530c8671e9bcbd4830d4f8811edc52cde34bb3812cd"},
]
pytz = [
    {file = "pytz-2021.1-py2.py3-none-any.whl", hash = "sha256:eb10ce3e7736052ed3623d49975ce333bcd712c7bb19a58b9e2089d4057d0798"},
    {file = "pytz-2021.1.tar.gz", hash = "sha256:83a4a90894bf38e243cf052c8b58f381bfe9a7a483f6a9cab140bc7f702ac4da"},
]
six = [
    {file = "six-1.15.0-py2.py3-none-any.whl", hash = "sha256:8b74bedcbbbaca38ff6d7491d76f2b06b3592611af620f8426e82dddb04a5ced"},
    {file = "six-1.15.0.tar.gz", hash = "sha256:30639c035cdb23534cd4aa2dd52c3bf48f06e5f4a941509c8bafd8ce11080259"},
]
sqlalchemy = [
    {file = "SQLAlchemy-1.3.23-cp27-cp27m-macosx_10_14_x86_64.whl", hash = "sha256:fd3b96f8c705af8e938eaa99cbd8fd1450f632d38cad55e7367c33b263bf98ec"},
    {file = "SQLAlchemy-1.3.23-cp27-cp27m-manylinux1_x86_64.whl", hash = "sha256:29cccc9606750fe10c5d0e8bd847f17a97f3850b8682aef1f56f5d5e1a5a64b1"},
    {file = "SQLAlchemy-1.3.23-cp27-cp27m-manylinux2010_x86_64.whl", hash = "sha256:927ce09e49bff3104459e1451ce82983b0a3062437a07d883a4c66f0b344c9b5"},
    {file = "SQLAlchemy-1.3.23-cp27-cp27m-win32.whl", hash = "sha256:b4b0e44d586cd64b65b507fa116a3814a1a53d55dce4836d7c1a6eb2823ff8d1"},
    {file = "SQLAlchemy-1.3.23-cp27-cp27m-win_amd64.whl", hash = "sha256:6b8b8c80c7f384f06825612dd078e4a31f0185e8f1f6b8c19e188ff246334205"},
    {file = "SQLAlchemy-1.3.23-cp27-cp27mu-manylinux1_x86_64.whl", hash = "sha256:9e9c25522933e569e8b53ccc644dc993cab87e922fb7e142894653880fdd419d"},
    {file = "SQLAlchemy-1.3.23-cp27-cp27mu-manylinux2010_x86_64.whl", hash = "sha256:a0e306e9bb76fd93b29ae3a5155298e4c1b504c7cbc620c09c20858d32d16234"},
    {file = "SQLAlchemy-1.3.23-cp35-cp35m-macosx_10_14_x86_64.whl", hash = "sha256:6c9e6cc9237de5660bcddea63f332428bb83c8e2015c26777281f7ffbd2efb84"},
    {file = "SQLAlchemy-1.3.23-cp35-cp35m-manylinux1_x86_64.whl", hash = "sha256:94f667d86be82dd4cb17d08de0c3622e77ca865320e0b95eae6153faa7b4ecaf"},
    {file = "SQLAlchemy-1.3.23-cp35-cp35m-manylinux2010_x86_64.whl", hash = "sha256:751934967f5336a3e26fc5993ccad1e4fee982029f9317eb6153bc0bc3d2d2da"},
    {file = "SQLAlchemy-1.3.23-cp35-cp35m-manylinux2014_aarch64.whl", hash = "sha256:63677d0c08524af4c5893c18dbe42141de7178001360b3de0b86217502ed3601"},
    {file = "SQLAlchemy-1.3.23-cp35-cp35m-win32.whl", hash = "sha256:ddfb511e76d016c3a160910642d57f4587dc542ce5ee823b0d415134790eeeb9"},
    {file = "SQLAlchemy-1.3.23-cp35-cp35m-win_amd64.whl", hash = "sha256:040bdfc1d76a9074717a3f43455685f781c581f94472b010cd6c4754754e1862"},
    {file = "SQLAlchemy-1.3.23-cp36-cp36m-macosx_10_14_x86_64.whl", hash = "sha256:d1a85dfc5dee741bf49cb9b6b6b8d2725a268e4992507cf151cba26b17d97c37"},
    {file = "SQLAlchemy-1.3.23-cp36-cp36m-manylinux1_x86_64.whl", hash = "sha256:639940bbe1108ac667dcffc79925db2966826c270112e9159439ab6bb14f8d80"},
    {file = "SQLAlchemy-1.3.23-cp36-cp36m-manylinux2010_x86_64.whl", hash = "sha256:e8a1750b44ad6422ace82bf3466638f1aa0862dbb9689690d5f2f48cce3476c8"},
    {file = "SQLAlchemy-1.3.23-cp36-cp36m-manylinux2014_aarch64.whl", hash = "sha256:e5bb3463df697279e5459a7316ad5a60b04b0107f9392e88674d0ece70e9cf70"},
    {file = "SQLAlchemy-1.3.23-cp36-cp36m-win32.whl", hash = "sha256:e273367f4076bd7b9a8dc2e771978ef2bfd6b82526e80775a7db52bff8ca01dd"},
    {file = "SQLAlchemy-1.3.23-cp36-cp36m-win_amd64.whl", hash = "sha256:ac2244e64485c3778f012951fdc869969a736cd61375fde6096d08850d8be729"},
    {file = "SQLAlchemy-1.3.23-cp37-cp37m-macosx_10_14_x86_64.whl", hash = "sha256:23927c3981d1ec6b4ea71eb99d28424b874d9c696a21e5fbd9fa322718be3708"},
    {file = "SQLAlchemy-1.3.23-cp37-cp37m-manylinux1_x86_64.whl", hash = "sha256:d90010304abb4102123d10cbad2cdf2c25a9f2e66a50974199b24b468509bad5"},
    {file = "SQLAlchemy-1.3.23-cp37-cp37m-manylinux2010_x86_64.whl", hash = "sha256:a8bfc1e1afe523e94974132d7230b82ca7fa2511aedde1f537ec54db0399541a"},
    {file = "SQLAlchemy-1.3.23-cp37-cp37m-manylinux2014_aarch64.whl", hash = "sha256:269990b3ab53cb035d662dcde51df0943c1417bdab707dc4a7e4114a710504b4"},
    {file = "SQLAlchemy-1.3.23-cp37-cp37m-win32.whl", hash = "sha256:fdd2ed7395df8ac2dbb10cefc44737b66c6a5cd7755c92524733d7a443e5b7e2"},
    {file = "SQLAlchemy-1.3.23-cp37-cp37m-win_amd64.whl", hash = "sha256:6a939a868fdaa4b504e8b9d4a61f21aac11e3fecc8a8214455e144939e3d2aea"},
    {file = "SQLAlchemy-1.3.23-cp38-cp38-macosx_10_14_x86_64.whl", hash = "sha256:24f9569e82a009a09ce2d263559acb3466eba2617203170e4a0af91e75b4f075"},
    {file = "SQLAlchemy-1.3.23-cp38-cp38-manylinux1_x86_64.whl", hash = "sha256:2578dbdbe4dbb0e5126fb37ffcd9793a25dcad769a95f171a2161030bea850ff"},
    {file = "SQLAlchemy-1.3.23-cp38-cp38-manylinux2010_x86_64.whl", hash = "sha256:1fe5d8d39118c2b018c215c37b73fd6893c3e1d4895be745ca8ff6eb83333ed3"},
    {file = "SQLAlchemy-1.3.23-cp38-cp38-manylinux2014_aarch64.whl", hash = "sha256:c7dc052432cd5d060d7437e217dd33c97025287f99a69a50e2dc1478dd610d64"},
    {file = "SQLAlchemy-1.3.23-cp38-cp38-win32.whl", hash = "sha256:ecce8c021894a77d89808222b1ff9687ad84db54d18e4bd0500ca766737faaf6"},
    {file = "SQLAlchemy-1.3.23-cp38-cp38-win_amd64.whl", hash = "sha256:37b83bf81b4b85dda273aaaed5f35ea20ad80606f672d94d2218afc565fb0173"},
    {file = "SQLAlchemy-1.3.23-cp39-cp39-macosx_10_14_x86_64.whl", hash = "sha256:8be835aac18ec85351385e17b8665bd4d63083a7160a017bef3d640e8e65cadb"},
    {file = "SQLAlchemy-1.3.23-cp39-cp39-manylinux1_x86_64.whl", hash = "sha256:6ec1044908414013ebfe363450c22f14698803ce97fbb47e53284d55c5165848"},
    {file = "SQLAlchemy-1.3.23-cp39-cp39-manylinux2010_x86_64.whl", hash = "sha256:eab063a70cca4a587c28824e18be41d8ecc4457f8f15b2933584c6c6cccd30f0"},
    {file = "SQLAlchemy-1.3.23-cp39-cp39-manylinux2014_aarch64.whl", hash = "sha256:baeb451ee23e264de3f577fee5283c73d9bbaa8cb921d0305c0bbf700094b65b"},
    {file = "SQLAlchemy-1.3.23-cp39-cp39-win32.whl", hash = "sha256:94208867f34e60f54a33a37f1c117251be91a47e3bfdb9ab8a7847f20886ad06"},
    {file = "SQLAlchemy-1.3.23-cp39-cp39-win_amd64.whl", hash = "sha256:f4d972139d5000105fcda9539a76452039434013570d6059993120dc2a65e447"},
    {file = "SQLAlchemy-1.3.23.tar.gz", hash = "sha256:6fca33672578666f657c131552c4ef8979c1606e494f78cd5199742dfb26918b"},
]
sqlparse = [
    {file = "sqlparse-0.4.1-py3-none-any.whl", hash = "sha256:017cde379adbd6a1f15a61873f43e8274179378e95ef3fede90b5aa64d304ed0"},
    {file = "sqlparse-0.4.1.tar.gz", hash = "sha256:0f91fd2e829c44362cbcfab3e9ae12e22badaa8a29ad5ff599f9ec109f0454e8"},
]
translationstring = [
    {file = "translationstring-1.4-py2.py3-none-any.whl", hash = "sha256:5f4dc4d939573db851c8d840551e1a0fb27b946afe3b95aafc22577eed2d6262"},
    {file = "translationstring-1.4.tar.gz", hash = "sha256:bf947538d76e69ba12ab17283b10355a9ecfbc078e6123443f43f2107f6376f3"},
]
venusian = [
    {file = "venusian-3.0.0-py3-none-any.whl", hash = "sha256:06e7385786ad3a15c70740b2af8d30dfb063a946a851dcb4159f9e2a2302578f"},
    {file = "venusian-3.0.0.tar.gz", hash = "sha256:f6842b7242b1039c0c28f6feef29016e7e7dd3caaeb476a193acf737db31ee38"},
]
webob = [
    {file = "WebOb-1.8.6-py2.py3-none-any.whl", hash = "sha256:a3c89a8e9ba0aeb17382836cdb73c516d0ecf6630ec40ec28288f3ed459ce87b"},
    {file = "WebOb-1.8.6.tar.gz", hash = "sha256:aa3a917ed752ba3e0b242234b2a373f9c4e2a75d35291dcbe977649bd21fd108"},
]
"zope.deprecation" = [
    {file = "zope.deprecation-4.4.0-py2.py3-none-any.whl", hash = "sha256:f1480b74995958b24ce37b0ef04d3663d2683e5d6debc96726eff18acf4ea113"},
    {file = "zope.deprecation-4.4.0.tar.gz", hash = "sha256:0d453338f04bacf91bbfba545d8bcdf529aa829e67b705eac8c1a7fdce66e2df"},
]
"zope.interface" = [
    {file = "zope.interface-5.2.0-cp27-cp27m-macosx_10_9_x86_64.whl", hash = "sha256:518950fe6a5d56f94ba125107895f938a4f34f704c658986eae8255edb41163b"},
    {file = "zope.interface-5.2.0-cp27-cp27m-manylinux1_i686.whl", hash = "sha256:6278c080d4afffc9016e14325f8734456831124e8c12caa754fd544435c08386"},
    {file = "zope.interface-5.2.0-cp27-cp27m-manylinux1_x86_64.whl", hash = "sha256:538298e4e113ccb8b41658d5a4b605bebe75e46a30ceca22a5a289cf02c80bec"},
    {file = "zope.interface-5.2.0-cp27-cp27m-manylinux2010_i686.whl", hash = "sha256:778d0ec38bbd288b150a3ae363c8ffd88d2207a756842495e9bffd8a8afbc89a"},
    {file = "zope.interface-5.2.0-cp27-cp27m-manylinux2010_x86_64.whl", hash = "sha256:64ea6c221aeee4796860405e1aedec63424cda4202a7ad27a5066876db5b0fd2"},
    {file = "zope.interface-5.2.0-cp27-cp27m-win32.whl", hash = "sha256:92dc0fb79675882d0b6138be4bf0cec7ea7c7eede60aaca78303d8e8dbdaa523"},
    {file = "zope.interface-5.2.0-cp27-cp27m-win_amd64.whl", hash = "sha256:844fad925ac5c2ad4faaceb3b2520ad016b5280105c6e16e79838cf951903a7b"},
    {file = "zope.interface-5.2.0-cp27-cp27mu-manylinux1_i686.whl", hash = "sha256:588384d70a0f19b47409cfdb10e0c27c20e4293b74fc891df3d8eb47782b8b3e"},
    {file = "zope.interface-5.2.0-cp27-cp27mu-manylinux1_x86_64.whl", hash = "sha256:07d61722dd7d85547b7c6b0f5486b4338001fab349f2ac5cabc0b7182eb3425d"},
    {file = "zope.interface-5.2.0-cp27-cp27mu-manylinux2010_i686.whl", hash = "sha256:495b63fd0302f282ee6c1e6ea0f1c12cb3d1a49c8292d27287f01845ff252a96"},
    {file = "zope.interface-5.2.0-cp27-cp27mu-manylinux2010_x86_64.whl", hash = "sha256:299bde0ab9e5c4a92f01a152b7fbabb460f31343f1416f9b7b983167ab1e33bc"},
    {file = "zope.interface-5.2.0-cp35-cp35m-macosx_10_6_intel.whl", hash = "sha256:32546af61a9a9b141ca38d971aa6eb9800450fa6620ce6323cc30eec447861f3"},
    {file = "zope.interface-5.2.0-cp35-cp35m-manylinux1_i686.whl", hash = "sha256:2ab88d8f228f803fcb8cb7d222c579d13dab2d3622c51e8cf321280da01102a7"},
    {file = "zope.interface-5.2.0-cp35-cp35m-manylinux1_x86_64.whl", hash = "sha256:cbd0f2cbd8689861209cd89141371d3a22a11613304d1f0736492590aa0ab332"},
    {file = "zope.interface-5.2.0-cp35-cp35m-manylinux2010_i686.whl", hash = "sha256:21e49123f375703cf824214939d39df0af62c47d122d955b2a8d9153ea08cfd5"},
    {file = "zope.interface-5.2.0-cp35-cp35m-manylinux2010_x86_64.whl", hash = "sha256:eccac3d9aadc68e994b6d228cb0c8919fc47a5350d85a1b4d3d81d1e98baf40c"},
    {file = "zope.interface-5.2.0-cp35-cp35m-manylinux2014_aarch64.whl", hash = "sha256:42b278ac0989d6f5cf58d7e0828ea6b5951464e3cf2ff229dd09a96cb6ba0c86"},
    {file = "zope.interface-5.2.0-cp35-cp35m-win32.whl", hash = "sha256:83b4aa5344cce005a9cff5d0321b2e318e871cc1dfc793b66c32dd4f59e9770d"},
    {file = "zope.interface-5.2.0-cp35-cp35m-win_amd64.whl", hash = "sha256:4df9afd17bd5477e9f8c8b6bb8507e18dd0f8b4efe73bb99729ff203279e9e3b"},
    {file = "zope.interface-5.2.0-cp36-cp36m-macosx_10_6_intel.whl", hash = "sha256:1743bcfe45af8846b775086471c28258f4c6e9ee8ef37484de4495f15a98b549"},
    {file = "zope.interface-5.2.0-cp36-cp36m-manylinux1_i686.whl", hash = "sha256:aedc6c672b351afe6dfe17ff83ee5e7eb6ed44718f879a9328a68bdb20b57e11"},
    {file = "zope.interface-5.2.0-cp36-cp36m-manylinux1_x86_64.whl", hash = "sha256:4af87cdc0d4b14e600e6d3d09793dce3b7171348a094ba818e2a68ae7ee67546"},
    {file = "zope.interface-5.2.0-cp36-cp36m-manylinux2010_i686.whl", hash = "sha256:b7a00ecb1434f8183395fac5366a21ee73d14900082ca37cf74993cf46baa56c"},
    {file = "zope.interface-5.2.0-cp36-cp36m-manylinux2010_x86_64.whl", hash = "sha256:8ceb3667dd13b8133f2e4d637b5b00f240f066448e2aa89a41f4c2d78a26ce50"},
    {file = "zope.interface-5.2.0-cp36-cp36m-manylinux2014_aarch64.whl", hash = "sha256:efef581c8ba4d990770875e1a2218e856849d32ada2680e53aebc5d154a17e20"},
    {file = "zope.interface-5.2.0-cp36-cp36m-win32.whl", hash = "sha256:e4bc372b953bf6cec65a8d48482ba574f6e051621d157cf224227dbb55486b1e"},
    {file = "zope.interface-5.2.0-cp36-cp36m-win_amd64.whl", hash = "sha256:3cc94c69f6bd48ed86e8e24f358cb75095c8129827df1298518ab860115269a4"},
    {file = "zope.interface-5.2.0-cp37-cp37m-macosx_10_9_x86_64.whl", hash = "sha256:ba32f4a91c1cb7314c429b03afbf87b1fff4fb1c8db32260e7310104bd77f0c7"},
    {file = "zope.interface-5.2.0-cp37-cp37m-manylinux1_i686.whl", hash = "sha256:1b5f6c8fff4ed32aa2dd43e84061bc8346f32d3ba6ad6e58f088fe109608f102"},
    {file = "zope.interface-5.2.0-cp37-cp37m-manylinux1_x86_64.whl", hash = "sha256:efd550b3da28195746bb43bd1d815058181a7ca6d9d6aa89dd37f5eefe2cacb7"},
    {file = "zope.interface-5.2.0-cp37-cp37m-manylinux2010_i686.whl", hash = "sha256:aab9f1e34d810feb00bf841993552b8fcc6ae71d473c505381627143d0018a6a"},
    {file = "zope.interface-5.2.0-cp37-cp37m-manylinux2010_x86_64.whl", hash = "sha256:55465121e72e208a7b69b53de791402affe6165083b2ea71b892728bd19ba9ae"},
    {file = "zope.interface-5.2.0-cp37-cp37m-manylinux2014_aarch64.whl", hash = "sha256:32b40a4c46d199827d79c86bb8cb88b1bbb764f127876f2cb6f3a47f63dbada3"},
    {file = "zope.interface-5.2.0-cp37-cp37m-win32.whl", hash = "sha256:abb61afd84f23099ac6099d804cdba9bd3b902aaaded3ffff47e490b0a495520"},
    {file = "zope.interface-5.2.0-cp37-cp37m-win_amd64.whl", hash = "sha256:21f579134a47083ffb5ddd1307f0405c91aa8b61ad4be6fd5af0171474fe0c45"},
    {file = "zope.interface-5.2.0-cp38-cp38-macosx_10_9_x86_64.whl", hash = "sha256:4c48ddb63e2b20fba4c6a2bf81b4d49e99b6d4587fb67a6cd33a2c1f003af3e3"},
    {file = "zope.interface-5.2.0-cp38-cp38-manylinux1_i686.whl", hash = "sha256:2dcab01c660983ba5e5a612e0c935141ccbee67d2e2e14b833e01c2354bd8034"},
    {file = "zope.interface-5.2.0-cp38-cp38-manylinux1_x86_64.whl", hash = "sha256:150e8bcb7253a34a4535aeea3de36c0bb3b1a6a47a183a95d65a194b3e07f232"},
    {file = "zope.interface-5.2.0-cp38-cp38-manylinux2010_i686.whl", hash = "sha256:681dbb33e2b40262b33fd383bae63c36d33fd79fa1a8e4092945430744ffd34a"},
    {file = "zope.interface-5.2.0-cp38-cp38-manylinux2010_x86_64.whl", hash = "sha256:2ced4c35061eea623bc84c7711eedce8ecc3c2c51cd9c6afa6290df3bae9e104"},
    {file = "zope.interface-5.2.0-cp38-cp38-manylinux2014_aarch64.whl", hash = "sha256:f37d45fab14ffef9d33a0dc3bc59ce0c5313e2253323312d47739192da94f5fd"},
    {file = "zope.interface-5.2.0-cp38-cp38-win32.whl", hash = "sha256:9789bd945e9f5bd026ed3f5b453d640befb8b1fc33a779c1fe8d3eb21fe3fb4a"},
    {file = "zope.interface-5.2.0-cp38-cp38-win_amd64.whl", hash = "sha256:0a990dcc97806e5980bbb54b2e46b9cde9e48932d8e6984daf71ef1745516123"},
    {file = "zope.interface-5.2.0-cp39-cp39-macosx_10_9_x86_64.whl", hash = "sha256:4b94df9f2fdde7b9314321bab8448e6ad5a23b80542dcab53e329527d4099dcb"},
    {file = "zope.interface-5.2.0-cp39-cp39-manylinux1_i686.whl", hash = "sha256:6936aa9da390402d646a32a6a38d5409c2d2afb2950f045a7d02ab25a4e7d08d"},
    {file = "zope.interface-5.2.0-cp39-cp39-manylinux1_x86_64.whl", hash = "sha256:adf9ee115ae8ff8b6da4b854b4152f253b390ba64407a22d75456fe07dcbda65"},
    {file = "zope.interface-5.2.0-cp39-cp39-manylinux2010_i686.whl", hash = "sha256:f44906f70205d456d503105023041f1e63aece7623b31c390a0103db4de17537"},
    {file = "zope.interface-5.2.0-cp39-cp39-manylinux2010_x86_64.whl", hash = "sha256:f057897711a630a0b7a6a03f1acf379b6ba25d37dc5dc217a97191984ba7f2fc"},
    {file = "zope.interface-5.2.0-cp39-cp39-manylinux2014_aarch64.whl", hash = "sha256:05a97ba92c1c7c26f25c9f671aa1ef85ffead6cdad13770e5b689cf983adc7e1"},
    {file = "zope.interface-5.2.0-cp39-cp39-win32.whl", hash = "sha256:27c267dc38a0f0079e96a2945ee65786d38ef111e413c702fbaaacbab6361d00"},
    {file = "zope.interface-5.2.0-cp39-cp39-win_amd64.whl", hash = "sha256:a2b6d6eb693bc2fc6c484f2e5d93bd0b0da803fa77bf974f160533e555e4d095"},
    {file = "zope.interface-5.2.0.tar.gz", hash = "sha256:8251f06a77985a2729a8bdbefbae79ee78567dddc3acbd499b87e705ca59fe24"},
]
